
Microsoft Visual Studio Solution File, Format Version 12.00
# Visual Studio Version 17
VisualStudioVersion = 17.9.34728.123
MinimumVisualStudioVersion = 10.0.40219.1
Project("{9A19103F-16F7-4668-BE54-9A1E7A4F7556}") = "MpDeportesMVC.Datos", "MpDeportesMVC.Datos\MpDeportesMVC.Datos.csproj", "{F0C30107-B3AC-474D-9AC3-96F80538AB83}"
EndProject
Project("{9A19103F-16F7-4668-BE54-9A1E7A4F7556}") = "MpDeportesMVC.Entidades", "MpDeportesMVC.Entidades\MpDeportesMVC.Entidades.csproj", "{57B7F32B-4594-4BC3-B574-0CE62DA91F9B}"
EndProject
Project("{9A19103F-16F7-4668-BE54-9A1E7A4F7556}") = "MpDeportesMVC.Ioc", "MpDeportesMVC.Ioc\MpDeportesMVC.Ioc.csproj", "{B1314A01-592F-4253-A6CF-25139CDEE96F}"
EndProject
Project("{FAE04EC0-301F-11D3-BF4B-00C04F79EFBC}") = "MpDeportesMVC.Servicios", "MpDeportesMVC.Servicios\MpDeportesMVC.Servicios.csproj", "{4E725EB6-2B13-4D97-ACE7-C2F4E5359A52}"
EndProject
Project("{FAE04EC0-301F-11D3-BF4B-00C04F79EFBC}") = "MpDeportesMVC.WEB", "MpDeportesMVC.WEB\MpDeportesMVC.WEB.csproj", "{2C992F18-06ED-4DB7-9EBA-8C4FC759985C}"
EndProject
Global
	GlobalSection(SolutionConfigurationPlatforms) = preSolution
		Debug|Any CPU = Debug|Any CPU
		Release|Any CPU = Release|Any CPU
	EndGlobalSection
	GlobalSection(ProjectConfigurationPlatforms) = postSolution
		{F0C30107-B3AC-474D-9AC3-96F80538AB83}.Debug|Any CPU.ActiveCfg = Debug|Any CPU
		{F0C30107-B3AC-474D-9AC3-96F80538AB83}.Debug|Any CPU.Build.0 = Debug|Any CPU
		{F0C30107-B3AC-474D-9AC3-96F80538AB83}.Release|Any CPU.ActiveCfg = Release|Any CPU
		{F0C30107-B3AC-474D-9AC3-96F80538AB83}.Release|Any CPU.Build.0 = Release|Any CPU
		{57B7F32B-4594-4BC3-B574-0CE62DA91F9B}.Debug|Any CPU.ActiveCfg = Debug|Any CPU
		{57B7F32B-4594-4BC3-B574-0CE62DA91F9B}.Debug|Any CPU.Build.0 = Debug|Any CPU
		{57B7F32B-4594-4BC3-B574-0CE62DA91F9B}.Release|Any CPU.ActiveCfg = Release|Any CPU
		{57B7F32B-4594-4BC3-B574-0CE62DA91F9B}.Release|Any CPU.Build.0 = Release|Any CPU
		{B1314A01-592F-4253-A6CF-25139CDEE96F}.Debug|Any CPU.ActiveCfg = Debug|Any CPU
		{B1314A01-592F-4253-A6CF-25139CDEE96F}.Debug|Any CPU.Build.0 = Debug|Any CPU
		{B1314A01-592F-4253-A6CF-25139CDEE96F}.Release|Any CPU.ActiveCfg = Release|Any CPU
		{B1314A01-592F-4253-A6CF-25139CDEE96F}.Release|Any CPU.Build.0 = Release|Any CPU
		{4E725EB6-2B13-4D97-ACE7-C2F4E5359A52}.Debug|Any CPU.ActiveCfg = Debug|Any CPU
		{4E725EB6-2B13-4D97-ACE7-C2F4E5359A52}.Debug|Any CPU.Build.0 = Debug|Any CPU
		{4E725EB6-2B13-4D97-ACE7-C2F4E5359A52}.Release|Any CPU.ActiveCfg = Release|Any CPU
		{4E725EB6-2B13-4D97-ACE7-C2F4E5359A52}.Release|Any CPU.Build.0 = Release|Any CPU
		{2C992F18-06ED-4DB7-9EBA-8C4FC759985C}.Debug|Any CPU.ActiveCfg = Debug|Any CPU
		{2C992F18-06ED-4DB7-9EBA-8C4FC759985C}.Debug|Any CPU.Build.0 = Debug|Any CPU
		{2C992F18-06ED-4DB7-9EBA-8C4FC759985C}.Release|Any CPU.ActiveCfg = Release|Any CPU
		{2C992F18-06ED-4DB7-9EBA-8C4FC759985C}.Release|Any CPU.Build.0 = Release|Any CPU
	EndGlobalSection
	GlobalSection(SolutionProperties) = preSolution
		HideSolutionNode = FALSE
	EndGlobalSection
	GlobalSection(ExtensibilityGlobals) = postSolution
		SolutionGuid = {054AD217-8A56-4409-94E2-C80299532115}
	EndGlobalSection
EndGlobal
